
Microsoft Visual Studio Solution File, Format Version 12.00
# Visual Studio 2013
VisualStudioVersion = 12.0.21005.1
MinimumVisualStudioVersion = 10.0.40219.1
Project("{FAE04EC0-301F-11D3-BF4B-00C04F79EFBC}") = "Exercicio14CSharp", "Exercicio14CSharp.csproj", "{BEAB30BF-3A70-4703-AD9F-454B5538F286}"
EndProject
Global
	GlobalSection(SolutionConfigurationPlatforms) = preSolution
		Debug|Any CPU = Debug|Any CPU
		Release|Any CPU = Release|Any CPU
	EndGlobalSection
	GlobalSection(ProjectConfigurationPlatforms) = postSolution
		{BEAB30BF-3A70-4703-AD9F-454B5538F286}.Debug|Any CPU.ActiveCfg = Debug|Any CPU
		{BEAB30BF-3A70-4703-AD9F-454B5538F286}.Debug|Any CPU.Build.0 = Debug|Any CPU
		{BEAB30BF-3A70-4703-AD9F-454B5538F286}.Release|Any CPU.ActiveCfg = Release|Any CPU
		{BEAB30BF-3A70-4703-AD9F-454B5538F286}.Release|Any CPU.Build.0 = Release|Any CPU
	EndGlobalSection
	GlobalSection(SolutionProperties) = preSolution
		HideSolutionNode = FALSE
	EndGlobalSection
EndGlobal
